
Microsoft Visual Studio Solution File, Format Version 12.00
# Visual Studio Version 17
VisualStudioVersion = 17.3.32825.248
MinimumVisualStudioVersion = 10.0.40219.1
Project("{8BC9CEB8-8B4A-11D0-8D11-00A0C91BC942}") = "Triangle", "Triangle\Triangle.vcxproj", "{C14C0A48-C95F-4FC4-A144-2B137F177F84}"
EndProject
Project("{8BC9CEB8-8B4A-11D0-8D11-00A0C91BC942}") = "Shaders", "Shaders\Shaders.vcxproj", "{C3D78194-ED9E-44DF-AC3A-9608FF13AC26}"
EndProject
Project("{8BC9CEB8-8B4A-11D0-8D11-00A0C91BC942}") = "Textures", "Textures\Textures.vcxproj", "{298D14BD-E4BA-41E1-BB90-DBB19A2D17DC}"
EndProject
Project("{8BC9CEB8-8B4A-11D0-8D11-00A0C91BC942}") = "Transformations", "Transformations\Transformations.vcxproj", "{A1D9F84B-2803-44AF-9D34-7C18E15E8FBC}"
EndProject
Project("{8BC9CEB8-8B4A-11D0-8D11-00A0C91BC942}") = "Camera", "Camera\Camera.vcxproj", "{ABC7C532-F650-497D-8016-AC012AC52E75}"
EndProject
Project("{8BC9CEB8-8B4A-11D0-8D11-00A0C91BC942}") = "Colors", "Colors\Colors.vcxproj", "{33C6DCCC-9B2A-4A38-8560-BC795A8CEA9C}"
EndProject
Project("{8BC9CEB8-8B4A-11D0-8D11-00A0C91BC942}") = "BasicLighting", "BasicLighting\BasicLighting.vcxproj", "{212CBDF2-913F-48B6-A8DF-13CF95E62EEA}"
EndProject
Global
	GlobalSection(SolutionConfigurationPlatforms) = preSolution
		Debug|x64 = Debug|x64
		Debug|x86 = Debug|x86
		Release|x64 = Release|x64
		Release|x86 = Release|x86
	EndGlobalSection
	GlobalSection(ProjectConfigurationPlatforms) = postSolution
		{C14C0A48-C95F-4FC4-A144-2B137F177F84}.Debug|x64.ActiveCfg = Debug|x64
		{C14C0A48-C95F-4FC4-A144-2B137F177F84}.Debug|x64.Build.0 = Debug|x64
		{C14C0A48-C95F-4FC4-A144-2B137F177F84}.Debug|x86.ActiveCfg = Debug|Win32
		{C14C0A48-C95F-4FC4-A144-2B137F177F84}.Debug|x86.Build.0 = Debug|Win32
		{C14C0A48-C95F-4FC4-A144-2B137F177F84}.Release|x64.ActiveCfg = Release|x64
		{C14C0A48-C95F-4FC4-A144-2B137F177F84}.Release|x64.Build.0 = Release|x64
		{C14C0A48-C95F-4FC4-A144-2B137F177F84}.Release|x86.ActiveCfg = Release|Win32
		{C14C0A48-C95F-4FC4-A144-2B137F177F84}.Release|x86.Build.0 = Release|Win32
		{C3D78194-ED9E-44DF-AC3A-9608FF13AC26}.Debug|x64.ActiveCfg = Debug|x64
		{C3D78194-ED9E-44DF-AC3A-9608FF13AC26}.Debug|x64.Build.0 = Debug|x64
		{C3D78194-ED9E-44DF-AC3A-9608FF13AC26}.Debug|x86.ActiveCfg = Debug|Win32
		{C3D78194-ED9E-44DF-AC3A-9608FF13AC26}.Debug|x86.Build.0 = Debug|Win32
		{C3D78194-ED9E-44DF-AC3A-9608FF13AC26}.Release|x64.ActiveCfg = Release|x64
		{C3D78194-ED9E-44DF-AC3A-9608FF13AC26}.Release|x64.Build.0 = Release|x64
		{C3D78194-ED9E-44DF-AC3A-9608FF13AC26}.Release|x86.ActiveCfg = Release|Win32
		{C3D78194-ED9E-44DF-AC3A-9608FF13AC26}.Release|x86.Build.0 = Release|Win32
		{298D14BD-E4BA-41E1-BB90-DBB19A2D17DC}.Debug|x64.ActiveCfg = Debug|x64
		{298D14BD-E4BA-41E1-BB90-DBB19A2D17DC}.Debug|x64.Build.0 = Debug|x64
		{298D14BD-E4BA-41E1-BB90-DBB19A2D17DC}.Debug|x86.ActiveCfg = Debug|Win32
		{298D14BD-E4BA-41E1-BB90-DBB19A2D17DC}.Debug|x86.Build.0 = Debug|Win32
		{298D14BD-E4BA-41E1-BB90-DBB19A2D17DC}.Release|x64.ActiveCfg = Release|x64
		{298D14BD-E4BA-41E1-BB90-DBB19A2D17DC}.Release|x64.Build.0 = Release|x64
		{298D14BD-E4BA-41E1-BB90-DBB19A2D17DC}.Release|x86.ActiveCfg = Release|Win32
		{298D14BD-E4BA-41E1-BB90-DBB19A2D17DC}.Release|x86.Build.0 = Release|Win32
		{A1D9F84B-2803-44AF-9D34-7C18E15E8FBC}.Debug|x64.ActiveCfg = Debug|x64
		{A1D9F84B-2803-44AF-9D34-7C18E15E8FBC}.Debug|x64.Build.0 = Debug|x64
		{A1D9F84B-2803-44AF-9D34-7C18E15E8FBC}.Debug|x86.ActiveCfg = Debug|Win32
		{A1D9F84B-2803-44AF-9D34-7C18E15E8FBC}.Debug|x86.Build.0 = Debug|Win32
		{A1D9F84B-2803-44AF-9D34-7C18E15E8FBC}.Release|x64.ActiveCfg = Release|x64
		{A1D9F84B-2803-44AF-9D34-7C18E15E8FBC}.Release|x64.Build.0 = Release|x64
		{A1D9F84B-2803-44AF-9D34-7C18E15E8FBC}.Release|x86.ActiveCfg = Release|Win32
		{A1D9F84B-2803-44AF-9D34-7C18E15E8FBC}.Release|x86.Build.0 = Release|Win32
		{ABC7C532-F650-497D-8016-AC012AC52E75}.Debug|x64.ActiveCfg = Debug|x64
		{ABC7C532-F650-497D-8016-AC012AC52E75}.Debug|x64.Build.0 = Debug|x64
		{ABC7C532-F650-497D-8016-AC012AC52E75}.Debug|x86.ActiveCfg = Debug|Win32
		{ABC7C532-F650-497D-8016-AC012AC52E75}.Debug|x86.Build.0 = Debug|Win32
		{ABC7C532-F650-497D-8016-AC012AC52E75}.Release|x64.ActiveCfg = Release|x64
		{ABC7C532-F650-497D-8016-AC012AC52E75}.Release|x64.Build.0 = Release|x64
		{ABC7C532-F650-497D-8016-AC012AC52E75}.Release|x86.ActiveCfg = Release|Win32
		{ABC7C532-F650-497D-8016-AC012AC52E75}.Release|x86.Build.0 = Release|Win32
		{33C6DCCC-9B2A-4A38-8560-BC795A8CEA9C}.Debug|x64.ActiveCfg = Debug|x64
		{33C6DCCC-9B2A-4A38-8560-BC795A8CEA9C}.Debug|x64.Build.0 = Debug|x64
		{33C6DCCC-9B2A-4A38-8560-BC795A8CEA9C}.Debug|x86.ActiveCfg = Debug|Win32
		{33C6DCCC-9B2A-4A38-8560-BC795A8CEA9C}.Debug|x86.Build.0 = Debug|Win32
		{33C6DCCC-9B2A-4A38-8560-BC795A8CEA9C}.Release|x64.ActiveCfg = Release|x64
		{33C6DCCC-9B2A-4A38-8560-BC795A8CEA9C}.Release|x64.Build.0 = Release|x64
		{33C6DCCC-9B2A-4A38-8560-BC795A8CEA9C}.Release|x86.ActiveCfg = Release|Win32
		{33C6DCCC-9B2A-4A38-8560-BC795A8CEA9C}.Release|x86.Build.0 = Release|Win32
		{212CBDF2-913F-48B6-A8DF-13CF95E62EEA}.Debug|x64.ActiveCfg = Debug|x64
		{212CBDF2-913F-48B6-A8DF-13CF95E62EEA}.Debug|x64.Build.0 = Debug|x64
		{212CBDF2-913F-48B6-A8DF-13CF95E62EEA}.Debug|x86.ActiveCfg = Debug|Win32
		{212CBDF2-913F-48B6-A8DF-13CF95E62EEA}.Debug|x86.Build.0 = Debug|Win32
		{212CBDF2-913F-48B6-A8DF-13CF95E62EEA}.Release|x64.ActiveCfg = Release|x64
		{212CBDF2-913F-48B6-A8DF-13CF95E62EEA}.Release|x64.Build.0 = Release|x64
		{212CBDF2-913F-48B6-A8DF-13CF95E62EEA}.Release|x86.ActiveCfg = Release|Win32
		{212CBDF2-913F-48B6-A8DF-13CF95E62EEA}.Release|x86.Build.0 = Release|Win32
	EndGlobalSection
	GlobalSection(SolutionProperties) = preSolution
		HideSolutionNode = FALSE
	EndGlobalSection
	GlobalSection(ExtensibilityGlobals) = postSolution
		SolutionGuid = {A35A190D-6D84-4A4A-A302-9FF0A171F8B4}
	EndGlobalSection
EndGlobal
